
Microsoft Visual Studio Solution File, Format Version 12.00
# Visual Studio 14
VisualStudioVersion = 14.0.24720.0
MinimumVisualStudioVersion = 10.0.40219.1
Project("{FAE04EC0-301F-11D3-BF4B-00C04F79EFBC}") = "mds.Util", "mds.Util\mds.Util.csproj", "{F47A677A-08B1-46C4-95D8-4A505C4A075B}"
EndProject
Project("{2150E333-8FDC-42A3-9474-1A3956D46DE8}") = "Common", "Common", "{2D6E1C4B-1EBF-41DC-B6FF-93383FEB9A70}"
EndProject
Project("{2150E333-8FDC-42A3-9474-1A3956D46DE8}") = "Test", "Test", "{E3CFA6FE-DDFD-44AA-8B02-E00177107C92}"
EndProject
Project("{FAE04EC0-301F-11D3-BF4B-00C04F79EFBC}") = "WebTest", "WebTest\WebTest.csproj", "{F63E4870-CEED-4B02-ADB1-4F97389BD694}"
EndProject
Project("{2150E333-8FDC-42A3-9474-1A3956D46DE8}") = "Base", "Base", "{4F086D74-221B-4BFE-8594-8831DBF9D3B6}"
EndProject
Project("{FAE04EC0-301F-11D3-BF4B-00C04F79EFBC}") = "mds.DataAccess", "mds.DataAccess\mds.DataAccess.csproj", "{36E7E9A3-72BF-4643-9EAF-B2FC75AAFA8F}"
EndProject
Project("{F088123C-0E9E-452A-89E6-6BA2F21D5CAC}") = "mdsModeling", "mdsModeling\mdsModeling.modelproj", "{46845512-7431-4A2A-A142-B3FDCDABF28F}"
EndProject
Project("{FAE04EC0-301F-11D3-BF4B-00C04F79EFBC}") = "mds.DeploymentService", "mds.DeploymentService\mds.DeploymentService.csproj", "{E5271A0C-ACF3-40F0-AE7C-8949B7009536}"
EndProject
Project("{FAE04EC0-301F-11D3-BF4B-00C04F79EFBC}") = "mds.Cache", "mds.Cache\mds.Cache.csproj", "{FCB490DE-F37A-46FD-AF2F-EEE07B05CFFF}"
EndProject
Project("{FAE04EC0-301F-11D3-BF4B-00C04F79EFBC}") = "mds.BaseModel", "mds.BaseModel\mds.BaseModel.csproj", "{C615DD45-7D57-4DEB-832D-C3D5862C33C0}"
EndProject
Project("{2150E333-8FDC-42A3-9474-1A3956D46DE8}") = "ComponentService", "ComponentService", "{830BF5CD-CD5E-4EF2-B0B0-C46AC26A41B1}"
EndProject
Project("{FAE04EC0-301F-11D3-BF4B-00C04F79EFBC}") = "mds.ConfigClient", "mds.ConfigClient\mds.ConfigClient.csproj", "{577FA034-FCE1-481F-BB98-1492123EBB99}"
EndProject
Project("{2150E333-8FDC-42A3-9474-1A3956D46DE8}") = "Service", "Service", "{DE72796C-E71C-40F3-85AC-219909093650}"
EndProject
Project("{FAE04EC0-301F-11D3-BF4B-00C04F79EFBC}") = "mds.ConfigService", "mds.ConfigService\mds.ConfigService.csproj", "{44D9D4BD-5942-4BC3-933E-7B839B191FF4}"
EndProject
Project("{FAE04EC0-301F-11D3-BF4B-00C04F79EFBC}") = "mds.GuardClient", "mds.GuardClient\mds.GuardClient.csproj", "{07E41889-955F-4571-A80B-52A603486023}"
EndProject
Project("{2150E333-8FDC-42A3-9474-1A3956D46DE8}") = "Config", "Config", "{5BB0CB3D-CA80-4995-B0CE-E161A3D9B2C5}"
EndProject
Project("{2150E333-8FDC-42A3-9474-1A3956D46DE8}") = "Guard", "Guard", "{D986DE97-A80F-4250-9009-0C62739C322F}"
EndProject
Project("{FAE04EC0-301F-11D3-BF4B-00C04F79EFBC}") = "mds.GuardService", "mds.GuardService\mds.GuardService.csproj", "{76881427-F68D-42C1-8427-8997D2E9F0E1}"
EndProject
Project("{2150E333-8FDC-42A3-9474-1A3956D46DE8}") = "Deployment", "Deployment", "{BB3F2427-6C70-4BB2-B9C4-5A09212087F1}"
EndProject
Project("{2150E333-8FDC-42A3-9474-1A3956D46DE8}") = "Doc", "Doc", "{18858A51-EBCA-46B3-8444-9F675BF55596}"
	ProjectSection(SolutionItems) = preProject
		Bug.txt = Bug.txt
		CodeRule.txt = CodeRule.txt
		Doc\SystemRules.txt = Doc\SystemRules.txt
	EndProjectSection
EndProject
Project("{2150E333-8FDC-42A3-9474-1A3956D46DE8}") = "Desiger", "Desiger", "{691C8D95-5A1F-4616-9408-E03A80A4F9A5}"
EndProject
Project("{FAE04EC0-301F-11D3-BF4B-00C04F79EFBC}") = "UnitTest", "UnitTest\UnitTest.csproj", "{FCE4F5A3-36C3-483B-9D24-AADB27DABB02}"
EndProject
Project("{2150E333-8FDC-42A3-9474-1A3956D46DE8}") = "Tool", "Tool", "{76A3CAFB-C92C-4BAE-91D6-C159C91A672A}"
	ProjectSection(SolutionItems) = preProject
		Tool\dalTpl.txt = Tool\dalTpl.txt
	EndProjectSection
EndProject
Project("{2150E333-8FDC-42A3-9474-1A3956D46DE8}") = "ApiService", "ApiService", "{0A5FF156-41D4-4933-AD47-AE5889ABF2DB}"
EndProject
Project("{2150E333-8FDC-42A3-9474-1A3956D46DE8}") = "WebSites", "WebSites", "{B2E2ED1A-6A76-4A47-922C-BFC09BC0974B}"
EndProject
Project("{FAE04EC0-301F-11D3-BF4B-00C04F79EFBC}") = "ESBBaseService", "..\websites\WebSites\ESBBaseService\ESBBaseService.csproj", "{CAED1C7C-BCF2-4561-83B5-CD18ECD265D3}"
EndProject
Project("{FAE04EC0-301F-11D3-BF4B-00C04F79EFBC}") = "OpFrame", "..\websites\WebSites\OpFrame\OpFrame.csproj", "{62AA696F-F1CC-4398-BA1D-F903B7FA97DA}"
EndProject
Project("{FAE04EC0-301F-11D3-BF4B-00C04F79EFBC}") = "ConfigFileCreate", "ConfigFileCreate\ConfigFileCreate.csproj", "{3BE99050-480B-459F-A0C8-E6B841052B7D}"
EndProject
Project("{FAE04EC0-301F-11D3-BF4B-00C04F79EFBC}") = "ResourceService", "..\websites\WebSites\ResourceService\ResourceService.csproj", "{51D3032F-ACCB-432E-B536-D9E21A8D17C6}"
EndProject
Project("{2150E333-8FDC-42A3-9474-1A3956D46DE8}") = "Security", "Security", "{D09C3A0D-63B6-4F35-9154-43EBBDE9FCFF}"
EndProject
Project("{FAE04EC0-301F-11D3-BF4B-00C04F79EFBC}") = "mds.SecurityService", "mds.SecurityService\mds.SecurityService.csproj", "{099C6ACA-FFF4-401E-A0EC-F62E15C5065B}"
EndProject
Project("{2150E333-8FDC-42A3-9474-1A3956D46DE8}") = "AppUser", "AppUser", "{872FFF36-9195-40CF-AB3C-7D04D4601230}"
EndProject
Project("{FAE04EC0-301F-11D3-BF4B-00C04F79EFBC}") = "mds.AppUserService", "mds.AppUserService\mds.AppUserService.csproj", "{A51561CD-741F-4AF4-A135-9F6A78EA708A}"
EndProject
Project("{FAE04EC0-301F-11D3-BF4B-00C04F79EFBC}") = "publicrealse", "publicrealse\publicrealse.csproj", "{18598AE4-0D81-4F15-BB1E-A18A495D2DC8}"
EndProject
Global
	GlobalSection(SolutionConfigurationPlatforms) = preSolution
		Debug|Any CPU = Debug|Any CPU
		Release|Any CPU = Release|Any CPU
	EndGlobalSection
	GlobalSection(ProjectConfigurationPlatforms) = postSolution
		{F47A677A-08B1-46C4-95D8-4A505C4A075B}.Debug|Any CPU.ActiveCfg = Debug|Any CPU
		{F47A677A-08B1-46C4-95D8-4A505C4A075B}.Debug|Any CPU.Build.0 = Debug|Any CPU
		{F47A677A-08B1-46C4-95D8-4A505C4A075B}.Release|Any CPU.ActiveCfg = Release|Any CPU
		{F47A677A-08B1-46C4-95D8-4A505C4A075B}.Release|Any CPU.Build.0 = Release|Any CPU
		{F63E4870-CEED-4B02-ADB1-4F97389BD694}.Debug|Any CPU.ActiveCfg = Debug|Any CPU
		{F63E4870-CEED-4B02-ADB1-4F97389BD694}.Debug|Any CPU.Build.0 = Debug|Any CPU
		{F63E4870-CEED-4B02-ADB1-4F97389BD694}.Release|Any CPU.ActiveCfg = Release|Any CPU
		{F63E4870-CEED-4B02-ADB1-4F97389BD694}.Release|Any CPU.Build.0 = Release|Any CPU
		{36E7E9A3-72BF-4643-9EAF-B2FC75AAFA8F}.Debug|Any CPU.ActiveCfg = Debug|Any CPU
		{36E7E9A3-72BF-4643-9EAF-B2FC75AAFA8F}.Debug|Any CPU.Build.0 = Debug|Any CPU
		{36E7E9A3-72BF-4643-9EAF-B2FC75AAFA8F}.Release|Any CPU.ActiveCfg = Release|Any CPU
		{36E7E9A3-72BF-4643-9EAF-B2FC75AAFA8F}.Release|Any CPU.Build.0 = Release|Any CPU
		{46845512-7431-4A2A-A142-B3FDCDABF28F}.Debug|Any CPU.ActiveCfg = Debug|Any CPU
		{46845512-7431-4A2A-A142-B3FDCDABF28F}.Debug|Any CPU.Build.0 = Debug|Any CPU
		{46845512-7431-4A2A-A142-B3FDCDABF28F}.Release|Any CPU.ActiveCfg = Release|Any CPU
		{46845512-7431-4A2A-A142-B3FDCDABF28F}.Release|Any CPU.Build.0 = Release|Any CPU
		{E5271A0C-ACF3-40F0-AE7C-8949B7009536}.Debug|Any CPU.ActiveCfg = Debug|Any CPU
		{E5271A0C-ACF3-40F0-AE7C-8949B7009536}.Debug|Any CPU.Build.0 = Debug|Any CPU
		{E5271A0C-ACF3-40F0-AE7C-8949B7009536}.Release|Any CPU.ActiveCfg = Release|Any CPU
		{E5271A0C-ACF3-40F0-AE7C-8949B7009536}.Release|Any CPU.Build.0 = Release|Any CPU
		{FCB490DE-F37A-46FD-AF2F-EEE07B05CFFF}.Debug|Any CPU.ActiveCfg = Debug|Any CPU
		{FCB490DE-F37A-46FD-AF2F-EEE07B05CFFF}.Debug|Any CPU.Build.0 = Debug|Any CPU
		{FCB490DE-F37A-46FD-AF2F-EEE07B05CFFF}.Release|Any CPU.ActiveCfg = Release|Any CPU
		{FCB490DE-F37A-46FD-AF2F-EEE07B05CFFF}.Release|Any CPU.Build.0 = Release|Any CPU
		{C615DD45-7D57-4DEB-832D-C3D5862C33C0}.Debug|Any CPU.ActiveCfg = Debug|Any CPU
		{C615DD45-7D57-4DEB-832D-C3D5862C33C0}.Debug|Any CPU.Build.0 = Debug|Any CPU
		{C615DD45-7D57-4DEB-832D-C3D5862C33C0}.Release|Any CPU.ActiveCfg = Release|Any CPU
		{C615DD45-7D57-4DEB-832D-C3D5862C33C0}.Release|Any CPU.Build.0 = Release|Any CPU
		{577FA034-FCE1-481F-BB98-1492123EBB99}.Debug|Any CPU.ActiveCfg = Debug|Any CPU
		{577FA034-FCE1-481F-BB98-1492123EBB99}.Debug|Any CPU.Build.0 = Debug|Any CPU
		{577FA034-FCE1-481F-BB98-1492123EBB99}.Release|Any CPU.ActiveCfg = Release|Any CPU
		{577FA034-FCE1-481F-BB98-1492123EBB99}.Release|Any CPU.Build.0 = Release|Any CPU
		{44D9D4BD-5942-4BC3-933E-7B839B191FF4}.Debug|Any CPU.ActiveCfg = Debug|Any CPU
		{44D9D4BD-5942-4BC3-933E-7B839B191FF4}.Debug|Any CPU.Build.0 = Debug|Any CPU
		{44D9D4BD-5942-4BC3-933E-7B839B191FF4}.Release|Any CPU.ActiveCfg = Release|Any CPU
		{44D9D4BD-5942-4BC3-933E-7B839B191FF4}.Release|Any CPU.Build.0 = Release|Any CPU
		{07E41889-955F-4571-A80B-52A603486023}.Debug|Any CPU.ActiveCfg = Debug|Any CPU
		{07E41889-955F-4571-A80B-52A603486023}.Debug|Any CPU.Build.0 = Debug|Any CPU
		{07E41889-955F-4571-A80B-52A603486023}.Release|Any CPU.ActiveCfg = Release|Any CPU
		{07E41889-955F-4571-A80B-52A603486023}.Release|Any CPU.Build.0 = Release|Any CPU
		{76881427-F68D-42C1-8427-8997D2E9F0E1}.Debug|Any CPU.ActiveCfg = Debug|Any CPU
		{76881427-F68D-42C1-8427-8997D2E9F0E1}.Debug|Any CPU.Build.0 = Debug|Any CPU
		{76881427-F68D-42C1-8427-8997D2E9F0E1}.Release|Any CPU.ActiveCfg = Release|Any CPU
		{76881427-F68D-42C1-8427-8997D2E9F0E1}.Release|Any CPU.Build.0 = Release|Any CPU
		{FCE4F5A3-36C3-483B-9D24-AADB27DABB02}.Debug|Any CPU.ActiveCfg = Debug|Any CPU
		{FCE4F5A3-36C3-483B-9D24-AADB27DABB02}.Debug|Any CPU.Build.0 = Debug|Any CPU
		{FCE4F5A3-36C3-483B-9D24-AADB27DABB02}.Release|Any CPU.ActiveCfg = Release|Any CPU
		{FCE4F5A3-36C3-483B-9D24-AADB27DABB02}.Release|Any CPU.Build.0 = Release|Any CPU
		{CAED1C7C-BCF2-4561-83B5-CD18ECD265D3}.Debug|Any CPU.ActiveCfg = Debug|Any CPU
		{CAED1C7C-BCF2-4561-83B5-CD18ECD265D3}.Debug|Any CPU.Build.0 = Debug|Any CPU
		{CAED1C7C-BCF2-4561-83B5-CD18ECD265D3}.Release|Any CPU.ActiveCfg = Release|Any CPU
		{CAED1C7C-BCF2-4561-83B5-CD18ECD265D3}.Release|Any CPU.Build.0 = Release|Any CPU
		{62AA696F-F1CC-4398-BA1D-F903B7FA97DA}.Debug|Any CPU.ActiveCfg = Debug|Any CPU
		{62AA696F-F1CC-4398-BA1D-F903B7FA97DA}.Debug|Any CPU.Build.0 = Debug|Any CPU
		{62AA696F-F1CC-4398-BA1D-F903B7FA97DA}.Release|Any CPU.ActiveCfg = Release|Any CPU
		{62AA696F-F1CC-4398-BA1D-F903B7FA97DA}.Release|Any CPU.Build.0 = Release|Any CPU
		{3BE99050-480B-459F-A0C8-E6B841052B7D}.Debug|Any CPU.ActiveCfg = Debug|Any CPU
		{3BE99050-480B-459F-A0C8-E6B841052B7D}.Debug|Any CPU.Build.0 = Debug|Any CPU
		{3BE99050-480B-459F-A0C8-E6B841052B7D}.Release|Any CPU.ActiveCfg = Release|Any CPU
		{3BE99050-480B-459F-A0C8-E6B841052B7D}.Release|Any CPU.Build.0 = Release|Any CPU
		{51D3032F-ACCB-432E-B536-D9E21A8D17C6}.Debug|Any CPU.ActiveCfg = Debug|Any CPU
		{51D3032F-ACCB-432E-B536-D9E21A8D17C6}.Debug|Any CPU.Build.0 = Debug|Any CPU
		{51D3032F-ACCB-432E-B536-D9E21A8D17C6}.Release|Any CPU.ActiveCfg = Release|Any CPU
		{51D3032F-ACCB-432E-B536-D9E21A8D17C6}.Release|Any CPU.Build.0 = Release|Any CPU
		{099C6ACA-FFF4-401E-A0EC-F62E15C5065B}.Debug|Any CPU.ActiveCfg = Debug|Any CPU
		{099C6ACA-FFF4-401E-A0EC-F62E15C5065B}.Debug|Any CPU.Build.0 = Debug|Any CPU
		{099C6ACA-FFF4-401E-A0EC-F62E15C5065B}.Release|Any CPU.ActiveCfg = Release|Any CPU
		{099C6ACA-FFF4-401E-A0EC-F62E15C5065B}.Release|Any CPU.Build.0 = Release|Any CPU
		{A51561CD-741F-4AF4-A135-9F6A78EA708A}.Debug|Any CPU.ActiveCfg = Debug|Any CPU
		{A51561CD-741F-4AF4-A135-9F6A78EA708A}.Debug|Any CPU.Build.0 = Debug|Any CPU
		{A51561CD-741F-4AF4-A135-9F6A78EA708A}.Release|Any CPU.ActiveCfg = Release|Any CPU
		{A51561CD-741F-4AF4-A135-9F6A78EA708A}.Release|Any CPU.Build.0 = Release|Any CPU
		{18598AE4-0D81-4F15-BB1E-A18A495D2DC8}.Debug|Any CPU.ActiveCfg = Debug|Any CPU
		{18598AE4-0D81-4F15-BB1E-A18A495D2DC8}.Debug|Any CPU.Build.0 = Debug|Any CPU
		{18598AE4-0D81-4F15-BB1E-A18A495D2DC8}.Release|Any CPU.ActiveCfg = Release|Any CPU
		{18598AE4-0D81-4F15-BB1E-A18A495D2DC8}.Release|Any CPU.Build.0 = Release|Any CPU
	EndGlobalSection
	GlobalSection(SolutionProperties) = preSolution
		HideSolutionNode = FALSE
	EndGlobalSection
	GlobalSection(NestedProjects) = preSolution
		{F47A677A-08B1-46C4-95D8-4A505C4A075B} = {2D6E1C4B-1EBF-41DC-B6FF-93383FEB9A70}
		{F63E4870-CEED-4B02-ADB1-4F97389BD694} = {E3CFA6FE-DDFD-44AA-8B02-E00177107C92}
		{36E7E9A3-72BF-4643-9EAF-B2FC75AAFA8F} = {4F086D74-221B-4BFE-8594-8831DBF9D3B6}
		{46845512-7431-4A2A-A142-B3FDCDABF28F} = {691C8D95-5A1F-4616-9408-E03A80A4F9A5}
		{E5271A0C-ACF3-40F0-AE7C-8949B7009536} = {BB3F2427-6C70-4BB2-B9C4-5A09212087F1}
		{FCB490DE-F37A-46FD-AF2F-EEE07B05CFFF} = {4F086D74-221B-4BFE-8594-8831DBF9D3B6}
		{C615DD45-7D57-4DEB-832D-C3D5862C33C0} = {4F086D74-221B-4BFE-8594-8831DBF9D3B6}
		{577FA034-FCE1-481F-BB98-1492123EBB99} = {5BB0CB3D-CA80-4995-B0CE-E161A3D9B2C5}
		{44D9D4BD-5942-4BC3-933E-7B839B191FF4} = {5BB0CB3D-CA80-4995-B0CE-E161A3D9B2C5}
		{07E41889-955F-4571-A80B-52A603486023} = {D986DE97-A80F-4250-9009-0C62739C322F}
		{5BB0CB3D-CA80-4995-B0CE-E161A3D9B2C5} = {830BF5CD-CD5E-4EF2-B0B0-C46AC26A41B1}
		{D986DE97-A80F-4250-9009-0C62739C322F} = {830BF5CD-CD5E-4EF2-B0B0-C46AC26A41B1}
		{76881427-F68D-42C1-8427-8997D2E9F0E1} = {D986DE97-A80F-4250-9009-0C62739C322F}
		{BB3F2427-6C70-4BB2-B9C4-5A09212087F1} = {830BF5CD-CD5E-4EF2-B0B0-C46AC26A41B1}
		{691C8D95-5A1F-4616-9408-E03A80A4F9A5} = {18858A51-EBCA-46B3-8444-9F675BF55596}
		{FCE4F5A3-36C3-483B-9D24-AADB27DABB02} = {E3CFA6FE-DDFD-44AA-8B02-E00177107C92}
		{0A5FF156-41D4-4933-AD47-AE5889ABF2DB} = {DE72796C-E71C-40F3-85AC-219909093650}
		{B2E2ED1A-6A76-4A47-922C-BFC09BC0974B} = {DE72796C-E71C-40F3-85AC-219909093650}
		{CAED1C7C-BCF2-4561-83B5-CD18ECD265D3} = {0A5FF156-41D4-4933-AD47-AE5889ABF2DB}
		{62AA696F-F1CC-4398-BA1D-F903B7FA97DA} = {B2E2ED1A-6A76-4A47-922C-BFC09BC0974B}
		{3BE99050-480B-459F-A0C8-E6B841052B7D} = {76A3CAFB-C92C-4BAE-91D6-C159C91A672A}
		{51D3032F-ACCB-432E-B536-D9E21A8D17C6} = {B2E2ED1A-6A76-4A47-922C-BFC09BC0974B}
		{D09C3A0D-63B6-4F35-9154-43EBBDE9FCFF} = {830BF5CD-CD5E-4EF2-B0B0-C46AC26A41B1}
		{099C6ACA-FFF4-401E-A0EC-F62E15C5065B} = {D09C3A0D-63B6-4F35-9154-43EBBDE9FCFF}
		{872FFF36-9195-40CF-AB3C-7D04D4601230} = {830BF5CD-CD5E-4EF2-B0B0-C46AC26A41B1}
		{A51561CD-741F-4AF4-A135-9F6A78EA708A} = {872FFF36-9195-40CF-AB3C-7D04D4601230}
		{18598AE4-0D81-4F15-BB1E-A18A495D2DC8} = {E3CFA6FE-DDFD-44AA-8B02-E00177107C92}
	EndGlobalSection
EndGlobal
